
Microsoft Visual Studio Solution File, Format Version 12.00
# Visual Studio Version 16
VisualStudioVersion = 16.0.33214.272
MinimumVisualStudioVersion = 10.0.40219.1
Project("{FAE04EC0-301F-11D3-BF4B-00C04F79EFBC}") = "MvcCv", "MvcCv\MvcCv.csproj", "{352DB6F0-C949-437C-A697-B13D4F40F488}"
EndProject
Global
	GlobalSection(SolutionConfigurationPlatforms) = preSolution
		Debug|Any CPU = Debug|Any CPU
		Release|Any CPU = Release|Any CPU
	EndGlobalSection
	GlobalSection(ProjectConfigurationPlatforms) = postSolution
		{352DB6F0-C949-437C-A697-B13D4F40F488}.Debug|Any CPU.ActiveCfg = Debug|Any CPU
		{352DB6F0-C949-437C-A697-B13D4F40F488}.Debug|Any CPU.Build.0 = Debug|Any CPU
		{352DB6F0-C949-437C-A697-B13D4F40F488}.Release|Any CPU.ActiveCfg = Release|Any CPU
		{352DB6F0-C949-437C-A697-B13D4F40F488}.Release|Any CPU.Build.0 = Release|Any CPU
	EndGlobalSection
	GlobalSection(SolutionProperties) = preSolution
		HideSolutionNode = FALSE
	EndGlobalSection
	GlobalSection(ExtensibilityGlobals) = postSolution
		SolutionGuid = {D1FA2AC6-C82B-48E0-87E3-A1DEB53DA307}
	EndGlobalSection
EndGlobal
